
Microsoft Visual Studio Solution File, Format Version 12.00
# Visual Studio Version 16
VisualStudioVersion = 16.0.31321.278
MinimumVisualStudioVersion = 10.0.40219.1
Project("{FAE04EC0-301F-11D3-BF4B-00C04F79EFBC}") = "LyVanTrieu_BigSchool", "LyVanTrieu_BigSchool\LyVanTrieu_BigSchool.csproj", "{7B4DE810-D8AA-4DDA-BB53-495F4C832AD4}"
EndProject
Global
	GlobalSection(SolutionConfigurationPlatforms) = preSolution
		Debug|Any CPU = Debug|Any CPU
		Release|Any CPU = Release|Any CPU
	EndGlobalSection
	GlobalSection(ProjectConfigurationPlatforms) = postSolution
		{7B4DE810-D8AA-4DDA-BB53-495F4C832AD4}.Debug|Any CPU.ActiveCfg = Debug|Any CPU
		{7B4DE810-D8AA-4DDA-BB53-495F4C832AD4}.Debug|Any CPU.Build.0 = Debug|Any CPU
		{7B4DE810-D8AA-4DDA-BB53-495F4C832AD4}.Release|Any CPU.ActiveCfg = Release|Any CPU
		{7B4DE810-D8AA-4DDA-BB53-495F4C832AD4}.Release|Any CPU.Build.0 = Release|Any CPU
	EndGlobalSection
	GlobalSection(SolutionProperties) = preSolution
		HideSolutionNode = FALSE
	EndGlobalSection
	GlobalSection(ExtensibilityGlobals) = postSolution
		SolutionGuid = {48351E7D-14B3-4193-AD06-FA8F5CD6B459}
	EndGlobalSection
EndGlobal
